// !$*UTF8*$!
{
	archiveVersion = 1;
	classes = {
	};
	objectVersion = 50;
	objects = {

/* Begin PBXBuildFile section */
		EDBD8DFB2445434900926E1E /* AppDelegate.swift in Sources */ = {isa = PBXBuildFile; fileRef = EDBD8DFA2445434900926E1E /* AppDelegate.swift */; };
		EDBD8DFD2445434900926E1E /* SceneDelegate.swift in Sources */ = {isa = PBXBuildFile; fileRef = EDBD8DFC2445434900926E1E /* SceneDelegate.swift */; };
		EDBD8DFF2445434900926E1E /* ViewController.swift in Sources */ = {isa = PBXBuildFile; fileRef = EDBD8DFE2445434900926E1E /* ViewController.swift */; };
		EDBD8E022445434900926E1E /* Main.storyboard in Resources */ = {isa = PBXBuildFile; fileRef = EDBD8E002445434900926E1E /* Main.storyboard */; };
		EDBD8E042445434C00926E1E /* Assets.xcassets in Resources */ = {isa = PBXBuildFile; fileRef = EDBD8E032445434C00926E1E /* Assets.xcassets */; };
		EDBD8E072445434C00926E1E /* LaunchScreen.storyboard in Resources */ = {isa = PBXBuildFile; fileRef = EDBD8E052445434C00926E1E /* LaunchScreen.storyboard */; };
		EDBD8E0F2445476C00926E1E /* Resnet50.mlmodel in Sources */ = {isa = PBXBuildFile; fileRef = EDBD8E0E2445476C00926E1E /* Resnet50.mlmodel */; };
/* End PBXBuildFile section */

/* Begin PBXFileReference section */
		EDBD8DF72445434900926E1E /* MeusOlhos.app */ = {isa = PBXFileReference; explicitFileType = wrapper.application; includeInIndex = 0; path = MeusOlhos.app; sourceTree = BUILT_PRODUCTS_DIR; };
		EDBD8DFA2445434900926E1E /* AppDelegate.swift */ = {isa = PBXFileReference; lastKnownFileType = sourcecode.swift; path = AppDelegate.swift; sourceTree = "<group>"; };
		EDBD8DFC2445434900926E1E /* SceneDelegate.swift */ = {isa = PBXFileReference; lastKnownFileType = sourcecode.swift; path = SceneDelegate.swift; sourceTree = "<group>"; };
		EDBD8DFE2445434900926E1E /* ViewController.swift */ = {isa = PBXFileReference; lastKnownFileType = sourcecode.swift; path = ViewController.swift; sourceTree = "<group>"; };
		EDBD8E012445434900926E1E /* Base */ = {isa = PBXFileReference; lastKnownFileType = file.storyboard; name = Base; path = Base.lproj/Main.storyboard; sourceTree = "<group>"; };
		EDBD8E032445434C00926E1E /* Assets.xcassets */ = {isa = PBXFileReference; lastKnownFileType = folder.assetcatalog; path = Assets.xcassets; sourceTree = "<group>"; };
		EDBD8E062445434C00926E1E /* Base */ = {isa = PBXFileReference; lastKnownFileType = file.storyboard; name = Base; path = Base.lproj/LaunchScreen.storyboard; sourceTree = "<group>"; };
		EDBD8E082445434C00926E1E /* Info.plist */ = {isa = PBXFileReference; lastKnownFileType = text.plist.xml; path = Info.plist; sourceTree = "<group>"; };
		EDBD8E0E2445476C00926E1E /* Resnet50.mlmodel */ = {isa = PBXFileReference; lastKnownFileType = file.mlmodel; path = Resnet50.mlmodel; sourceTree = "<group>"; };
/* End PBXFileReference section */

/* Begin PBXFrameworksBuildPhase section */
		EDBD8DF42445434900926E1E /* Frameworks */ = {
			isa = PBXFrameworksBuildPhase;
			buildActionMask = 2147483647;
			files = (
			);
			runOnlyForDeploymentPostprocessing = 0;
		};
/* End PBXFrameworksBuildPhase section */

/* Begin PBXGroup section */
		EDBD8DEE2445434900926E1E = {
			isa = PBXGroup;
			children = (
				EDBD8DF92445434900926E1E /* MeusOlhos */,
				EDBD8DF82445434900926E1E /* Products */,
			);
			sourceTree = "<group>";
		};
		EDBD8DF82445434900926E1E /* Products */ = {
			isa = PBXGroup;
			children = (
				EDBD8DF72445434900926E1E /* MeusOlhos.app */,
			);
			name = Products;
			sourceTree = "<group>";
		};
		EDBD8DF92445434900926E1E /* MeusOlhos */ = {
			isa = PBXGroup;
			children = (
				EDBD8DFA2445434900926E1E /* AppDelegate.swift */,
				EDBD8DFC2445434900926E1E /* SceneDelegate.swift */,
				EDBD8DFE2445434900926E1E /* ViewController.swift */,
				EDBD8E002445434900926E1E /* Main.storyboard */,
				EDBD8E032445434C00926E1E /* Assets.xcassets */,
				EDBD8E052445434C00926E1E /* LaunchScreen.storyboard */,
				EDBD8E082445434C00926E1E /* Info.plist */,
				EDBD8E0E2445476C00926E1E /* Resnet50.mlmodel */,
			);
			path = MeusOlhos;
			sourceTree = "<group>";
		};
/* End PBXGroup section */

/* Begin PBXNativeTarget section */
		EDBD8DF62445434900926E1E /* MeusOlhos */ = {
			isa = PBXNativeTarget;
			buildConfigurationList = EDBD8E0B2445434C00926E1E /* Build configuration list for PBXNativeTarget "MeusOlhos" */;
			buildPhases = (
				EDBD8DF32445434900926E1E /* Sources */,
				EDBD8DF42445434900926E1E /* Frameworks */,
				EDBD8DF52445434900926E1E /* Resources */,
			);
			buildRules = (
			);
			dependencies = (
			);
			name = MeusOlhos;
			productName = MeusOlhos;
			productReference = EDBD8DF72445434900926E1E /* MeusOlhos.app */;
			productType = "com.apple.product-type.application";
		};
/* End PBXNativeTarget section */

/* Begin PBXProject section */
		EDBD8DEF2445434900926E1E /* Project object */ = {
			isa = PBXProject;
			attributes = {
				LastSwiftUpdateCheck = 1140;
				LastUpgradeCheck = 1140;
				ORGANIZATIONNAME = "Bruno Cortez";
				TargetAttributes = {
					EDBD8DF62445434900926E1E = {
						CreatedOnToolsVersion = 11.4;
					};
				};
			};
			buildConfigurationList = EDBD8DF22445434900926E1E /* Build configuration list for PBXProject "MeusOlhos" */;
			compatibilityVersion = "Xcode 9.3";
			developmentRegion = en;
			hasScannedForEncodings = 0;
			knownRegions = (
				en,
				Base,
			);
			mainGroup = EDBD8DEE2445434900926E1E;
			productRefGroup = EDBD8DF82445434900926E1E /* Products */;
			projectDirPath = "";
			projectRoot = "";
			targets = (
				EDBD8DF62445434900926E1E /* MeusOlhos */,
			);
		};
/* End PBXProject section */

/* Begin PBXResourcesBuildPhase section */
		EDBD8DF52445434900926E1E /* Resources */ = {
			isa = PBXResourcesBuildPhase;
			buildActionMask = 2147483647;
			files = (
				EDBD8E072445434C00926E1E /* LaunchScreen.storyboard in Resources */,
				EDBD8E042445434C00926E1E /* Assets.xcassets in Resources */,
				EDBD8E022445434900926E1E /* Main.storyboard in Resources */,
			);
			runOnlyForDeploymentPostprocessing = 0;
		};
/* End PBXResourcesBuildPhase section */

/* Begin PBXSourcesBuildPhase section */
		EDBD8DF32445434900926E1E /* Sources */ = {
			isa = PBXSourcesBuildPhase;
			buildActionMask = 2147483647;
			files = (
				EDBD8DFF2445434900926E1E /* ViewController.swift in Sources */,
				EDBD8DFB2445434900926E1E /* AppDelegate.swift in Sources */,
				EDBD8E0F2445476C00926E1E /* Resnet50.mlmodel in Sources */,
				EDBD8DFD2445434900926E1E /* SceneDelegate.swift in Sources */,
			);
			runOnlyForDeploymentPostprocessing = 0;
		};
/* End PBXSourcesBuildPhase section */

/* Begin PBXVariantGroup section */
		EDBD8E002445434900926E1E /* Main.storyboard */ = {
			isa = PBXVariantGroup;
			children = (
				EDBD8E012445434900926E1E /* Base */,
			);
			name = Main.storyboard;
			sourceTree = "<group>";
		};
		EDBD8E052445434C00926E1E /* LaunchScreen.storyboard */ = {
			isa = PBXVariantGroup;
			children = (
				EDBD8E062445434C00926E1E /* Base */,
			);
			name = LaunchScreen.storyboard;
			sourceTree = "<group>";
		};
/* End PBXVariantGroup section */

/* Begin XCBuildConfiguration section */
		EDBD8E092445434C00926E1E /* Debug */ = {
			isa = XCBuildConfiguration;
			buildSettings = {
				ALWAYS_SEARCH_USER_PATHS = NO;
				CLANG_ANALYZER_NONNULL = YES;
				CLANG_ANALYZER_NUMBER_OBJECT_CONVERSION = YES_AGGRESSIVE;
				CLANG_CXX_LANGUAGE_STANDARD = "gnu++14";
				CLANG_CXX_LIBRARY = "libc++";
				CLANG_ENABLE_MODULES = YES;
				CLANG_ENABLE_OBJC_ARC = YES;
				CLANG_ENABLE_OBJC_WEAK = YES;
				CLANG_WARN_BLOCK_CAPTURE_AUTORELEASING = YES;
				CLANG_WARN_BOOL_CONVERSION = YES;
				CLANG_WARN_COMMA = YES;
				CLANG_WARN_CONSTANT_CONVERSION = YES;
				CLANG_WARN_DEPRECATED_OBJC_IMPLEMENTATIONS = YES;
				CLANG_WARN_DIRECT_OBJC_ISA_USAGE = YES_ERROR;
				CLANG_WARN_DOCUMENTATION_COMMENTS = YES;
				CLANG_WARN_EMPTY_BODY = YES;
				CLANG_WARN_ENUM_CONVERSION = YES;
				CLANG_WARN_INFINITE_RECURSION = YES;
				CLANG_WARN_INT_CONVERSION = YES;
				CLANG_WARN_NON_LITERAL_NULL_CONVERSION = YES;
				CLANG_WARN_OBJC_IMPLICIT_RETAIN_SELF = YES;
				CLANG_WARN_OBJC_LITERAL_CONVERSION = YES;
				CLANG_WARN_OBJC_ROOT_CLASS = YES_ERROR;
				CLANG_WARN_RANGE_LOOP_ANALYSIS = YES;
				CLANG_WARN_STRICT_PROTOTYPES = YES;
				CLANG_WARN_SUSPICIOUS_MOVE = YES;
				CLANG_WARN_UNGUARDED_AVAILABILITY = YES_AGGRESSIVE;
				CLANG_WARN_UNREACHABLE_CODE = YES;
				CLANG_WARN__DUPLICATE_METHOD_MATCH = YES;
				COPY_PHASE_STRIP = NO;
				DEBUG_INFORMATION_FORMAT = dwarf;
				ENABLE_STRICT_OBJC_MSGSEND = YES;
				ENABLE_TESTABILITY = YES;
				GCC_C_LANGUAGE_STANDARD = gnu11;
				GCC_DYNAMIC_NO_PIC = NO;
				GCC_NO_COMMON_BLOCKS = YES;
				GCC_OPTIMIZATION_LEVEL = 0;
				GCC_PREPROCESSOR_DEFINITIONS = (
					"DEBUG=1",
					"$(inherited)",
				);
				GCC_WARN_64_TO_32_BIT_CONVERSION = YES;
				GCC_WARN_ABOUT_RETURN_TYPE = YES_ERROR;
				GCC_WARN_UNDECLARED_SELECTOR = YES;
				GCC_WARN_UNINITIALIZED_AUTOS = YES_AGGRESSIVE;
				GCC_WARN_UNUSED_FUNCTION = YES;
				GCC_WARN_UNUSED_VARIABLE = YES;
				IPHONEOS_DEPLOYMENT_TARGET = 13.4;
				MTL_ENABLE_DEBUG_INFO = INCLUDE_SOURCE;
				MTL_FAST_MATH = YES;
				ONLY_ACTIVE_ARCH = YES;
				SDKROOT = iphoneos;
				SWIFT_ACTIVE_COMPILATION_CONDITIONS = DEBUG;
				SWIFT_OPTIMIZATION_LEVEL = "-Onone";
			};
			name = Debug;
		};
		EDBD8E0A2445434C00926E1E /* Release */ = {
			isa = XCBuildConfiguration;
			buildSettings = {
				ALWAYS_SEARCH_USER_PATHS = NO;
				CLANG_ANALYZER_NONNULL = YES;
				CLANG_ANALYZER_NUMBER_OBJECT_CONVERSION = YES_AGGRESSIVE;
				CLANG_CXX_LANGUAGE_STANDARD = "gnu++14";
				CLANG_CXX_LIBRARY = "libc++";
				CLANG_ENABLE_MODULES = YES;
				CLANG_ENABLE_OBJC_ARC = YES;
				CLANG_ENABLE_OBJC_WEAK = YES;
				CLANG_WARN_BLOCK_CAPTURE_AUTORELEASING = YES;
				CLANG_WARN_BOOL_CONVERSION = YES;
				CLANG_WARN_COMMA = YES;
				CLANG_WARN_CONSTANT_CONVERSION = YES;
				CLANG_WARN_DEPRECATED_OBJC_IMPLEMENTATIONS = YES;
				CLANG_WARN_DIRECT_OBJC_ISA_USAGE = YES_ERROR;
				CLANG_WARN_DOCUMENTATION_COMMENTS = YES;
				CLANG_WARN_EMPTY_BODY = YES;
				CLANG_WARN_ENUM_CONVERSION = YES;
				CLANG_WARN_INFINITE_RECURSION = YES;
				CLANG_WARN_INT_CONVERSION = YES;
				CLANG_WARN_NON_LITERAL_NULL_CONVERSION = YES;
				CLANG_WARN_OBJC_IMPLICIT_RETAIN_SELF = YES;
				CLANG_WARN_OBJC_LITERAL_CONVERSION = YES;
				CLANG_WARN_OBJC_ROOT_CLASS = YES_ERROR;
				CLANG_WARN_RANGE_LOOP_ANALYSIS = YES;
				CLANG_WARN_STRICT_PROTOTYPES = YES;
				CLANG_WARN_SUSPICIOUS_MOVE = YES;
				CLANG_WARN_UNGUARDED_AVAILABILITY = YES_AGGRESSIVE;
				CLANG_WARN_UNREACHABLE_CODE = YES;
				CLANG_WARN__DUPLICATE_METHOD_MATCH = YES;
				COPY_PHASE_STRIP = NO;
				DEBUG_INFORMATION_FORMAT = "dwarf-with-dsym";
				ENABLE_NS_ASSERTIONS = NO;
				ENABLE_STRICT_OBJC_MSGSEND = YES;
				GCC_C_LANGUAGE_STANDARD = gnu11;
				GCC_NO_COMMON_BLOCKS = YES;
				GCC_WARN_64_TO_32_BIT_CONVERSION = YES;
				GCC_WARN_ABOUT_RETURN_TYPE = YES_ERROR;
				GCC_WARN_UNDECLARED_SELECTOR = YES;
				GCC_WARN_UNINITIALIZED_AUTOS = YES_AGGRESSIVE;
				GCC_WARN_UNUSED_FUNCTION = YES;
				GCC_WARN_UNUSED_VARIABLE = YES;
				IPHONEOS_DEPLOYMENT_TARGET = 13.4;
				MTL_ENABLE_DEBUG_INFO = NO;
				MTL_FAST_MATH = YES;
				SDKROOT = iphoneos;
				SWIFT_COMPILATION_MODE = wholemodule;
				SWIFT_OPTIMIZATION_LEVEL = "-O";
				VALIDATE_PRODUCT = YES;
			};
			name = Release;
		};
		EDBD8E0C2445434C00926E1E /* Debug */ = {
			isa = XCBuildConfiguration;
			buildSettings = {
				ASSETCATALOG_COMPILER_APPICON_NAME = AppIcon;
				CODE_SIGN_STYLE = Automatic;
				DEVELOPMENT_TEAM = P39XG2J35Y;
				INFOPLIST_FILE = MeusOlhos/Info.plist;
				LD_RUNPATH_SEARCH_PATHS = (
					"$(inherited)",
					"@executable_path/Frameworks",
				);
				PRODUCT_BUNDLE_IDENTIFIER = br.com.fiap.MeusOlhos;
				PRODUCT_NAME = "$(TARGET_NAME)";
				SWIFT_VERSION = 5.0;
				TARGETED_DEVICE_FAMILY = "1,2";
			};
			name = Debug;
		};
		EDBD8E0D2445434C00926E1E /* Release */ = {
			isa = XCBuildConfiguration;
			buildSettings = {
				ASSETCATALOG_COMPILER_APPICON_NAME = AppIcon;
				CODE_SIGN_STYLE = Automatic;
				DEVELOPMENT_TEAM = P39XG2J35Y;
				INFOPLIST_FILE = MeusOlhos/Info.plist;
				LD_RUNPATH_SEARCH_PATHS = (
					"$(inherited)",
					"@executable_path/Frameworks",
				);
				PRODUCT_BUNDLE_IDENTIFIER = br.com.fiap.MeusOlhos;
				PRODUCT_NAME = "$(TARGET_NAME)";
				SWIFT_VERSION = 5.0;
				TARGETED_DEVICE_FAMILY = "1,2";
			};
			name = Release;
		};
/* End XCBuildConfiguration section */

/* Begin XCConfigurationList section */
		EDBD8DF22445434900926E1E /* Build configuration list for PBXProject "MeusOlhos" */ = {
			isa = XCConfigurationList;
			buildConfigurations = (
				EDBD8E092445434C00926E1E /* Debug */,
				EDBD8E0A2445434C00926E1E /* Release */,
			);
			defaultConfigurationIsVisible = 0;
			defaultConfigurationName = Release;
		};
		EDBD8E0B2445434C00926E1E /* Build configuration list for PBXNativeTarget "MeusOlhos" */ = {
			isa = XCConfigurationList;
			buildConfigurations = (
				EDBD8E0C2445434C00926E1E /* Debug */,
				EDBD8E0D2445434C00926E1E /* Release */,
			);
			defaultConfigurationIsVisible = 0;
			defaultConfigurationName = Release;
		};
/* End XCConfigurationList section */
	};
	rootObject = EDBD8DEF2445434900926E1E /* Project object */;
}
